
Microsoft Visual Studio Solution File, Format Version 12.00
# Visual Studio 15
VisualStudioVersion = 15.0.26124.0
MinimumVisualStudioVersion = 15.0.26124.0
Project("{FAE04EC0-301F-11D3-BF4B-00C04F79EFBC}") = "aoc.ConsoleApp", "aoc.ConsoleApp\aoc.ConsoleApp.csproj", "{8E800036-6FDF-4D4C-B604-33571F5E93D0}"
EndProject
Project("{FAE04EC0-301F-11D3-BF4B-00C04F79EFBC}") = "aoc.Puzzles", "aoc.Puzzles\aoc.Puzzles.csproj", "{B651E897-65C0-4E4A-ADE3-08A7ACF9838B}"
EndProject
Project("{FAE04EC0-301F-11D3-BF4B-00C04F79EFBC}") = "aoc.Puzzles.Test", "aoc.Puzzles.Test\aoc.Puzzles.Test.csproj", "{1CA81D32-6479-4F52-80F4-77D138DC6131}"
EndProject
Global
	GlobalSection(SolutionConfigurationPlatforms) = preSolution
		Debug|Any CPU = Debug|Any CPU
		Debug|x64 = Debug|x64
		Debug|x86 = Debug|x86
		Release|Any CPU = Release|Any CPU
		Release|x64 = Release|x64
		Release|x86 = Release|x86
	EndGlobalSection
	GlobalSection(SolutionProperties) = preSolution
		HideSolutionNode = FALSE
	EndGlobalSection
	GlobalSection(ProjectConfigurationPlatforms) = postSolution
		{8E800036-6FDF-4D4C-B604-33571F5E93D0}.Debug|Any CPU.ActiveCfg = Debug|Any CPU
		{8E800036-6FDF-4D4C-B604-33571F5E93D0}.Debug|Any CPU.Build.0 = Debug|Any CPU
		{8E800036-6FDF-4D4C-B604-33571F5E93D0}.Debug|x64.ActiveCfg = Debug|Any CPU
		{8E800036-6FDF-4D4C-B604-33571F5E93D0}.Debug|x64.Build.0 = Debug|Any CPU
		{8E800036-6FDF-4D4C-B604-33571F5E93D0}.Debug|x86.ActiveCfg = Debug|Any CPU
		{8E800036-6FDF-4D4C-B604-33571F5E93D0}.Debug|x86.Build.0 = Debug|Any CPU
		{8E800036-6FDF-4D4C-B604-33571F5E93D0}.Release|Any CPU.ActiveCfg = Release|Any CPU
		{8E800036-6FDF-4D4C-B604-33571F5E93D0}.Release|Any CPU.Build.0 = Release|Any CPU
		{8E800036-6FDF-4D4C-B604-33571F5E93D0}.Release|x64.ActiveCfg = Release|Any CPU
		{8E800036-6FDF-4D4C-B604-33571F5E93D0}.Release|x64.Build.0 = Release|Any CPU
		{8E800036-6FDF-4D4C-B604-33571F5E93D0}.Release|x86.ActiveCfg = Release|Any CPU
		{8E800036-6FDF-4D4C-B604-33571F5E93D0}.Release|x86.Build.0 = Release|Any CPU
		{B651E897-65C0-4E4A-ADE3-08A7ACF9838B}.Debug|Any CPU.ActiveCfg = Debug|Any CPU
		{B651E897-65C0-4E4A-ADE3-08A7ACF9838B}.Debug|Any CPU.Build.0 = Debug|Any CPU
		{B651E897-65C0-4E4A-ADE3-08A7ACF9838B}.Debug|x64.ActiveCfg = Debug|Any CPU
		{B651E897-65C0-4E4A-ADE3-08A7ACF9838B}.Debug|x64.Build.0 = Debug|Any CPU
		{B651E897-65C0-4E4A-ADE3-08A7ACF9838B}.Debug|x86.ActiveCfg = Debug|Any CPU
		{B651E897-65C0-4E4A-ADE3-08A7ACF9838B}.Debug|x86.Build.0 = Debug|Any CPU
		{B651E897-65C0-4E4A-ADE3-08A7ACF9838B}.Release|Any CPU.ActiveCfg = Release|Any CPU
		{B651E897-65C0-4E4A-ADE3-08A7ACF9838B}.Release|Any CPU.Build.0 = Release|Any CPU
		{B651E897-65C0-4E4A-ADE3-08A7ACF9838B}.Release|x64.ActiveCfg = Release|Any CPU
		{B651E897-65C0-4E4A-ADE3-08A7ACF9838B}.Release|x64.Build.0 = Release|Any CPU
		{B651E897-65C0-4E4A-ADE3-08A7ACF9838B}.Release|x86.ActiveCfg = Release|Any CPU
		{B651E897-65C0-4E4A-ADE3-08A7ACF9838B}.Release|x86.Build.0 = Release|Any CPU
		{1CA81D32-6479-4F52-80F4-77D138DC6131}.Debug|Any CPU.ActiveCfg = Debug|Any CPU
		{1CA81D32-6479-4F52-80F4-77D138DC6131}.Debug|Any CPU.Build.0 = Debug|Any CPU
		{1CA81D32-6479-4F52-80F4-77D138DC6131}.Debug|x64.ActiveCfg = Debug|Any CPU
		{1CA81D32-6479-4F52-80F4-77D138DC6131}.Debug|x64.Build.0 = Debug|Any CPU
		{1CA81D32-6479-4F52-80F4-77D138DC6131}.Debug|x86.ActiveCfg = Debug|Any CPU
		{1CA81D32-6479-4F52-80F4-77D138DC6131}.Debug|x86.Build.0 = Debug|Any CPU
		{1CA81D32-6479-4F52-80F4-77D138DC6131}.Release|Any CPU.ActiveCfg = Release|Any CPU
		{1CA81D32-6479-4F52-80F4-77D138DC6131}.Release|Any CPU.Build.0 = Release|Any CPU
		{1CA81D32-6479-4F52-80F4-77D138DC6131}.Release|x64.ActiveCfg = Release|Any CPU
		{1CA81D32-6479-4F52-80F4-77D138DC6131}.Release|x64.Build.0 = Release|Any CPU
		{1CA81D32-6479-4F52-80F4-77D138DC6131}.Release|x86.ActiveCfg = Release|Any CPU
		{1CA81D32-6479-4F52-80F4-77D138DC6131}.Release|x86.Build.0 = Release|Any CPU
	EndGlobalSection
EndGlobal
